
Microsoft Visual Studio Solution File, Format Version 12.00
# Visual Studio Version 17
VisualStudioVersion = 17.6.33829.357
MinimumVisualStudioVersion = 10.0.40219.1
Project("{FAE04EC0-301F-11D3-BF4B-00C04F79EFBC}") = "Demo2", "Demo2\Demo2.csproj", "{70B86EE0-413B-4252-A3E0-CF17EE73B9C3}"
EndProject
Global
	GlobalSection(SolutionConfigurationPlatforms) = preSolution
		Debug|Any CPU = Debug|Any CPU
		Release|Any CPU = Release|Any CPU
	EndGlobalSection
	GlobalSection(ProjectConfigurationPlatforms) = postSolution
		{70B86EE0-413B-4252-A3E0-CF17EE73B9C3}.Debug|Any CPU.ActiveCfg = Debug|Any CPU
		{70B86EE0-413B-4252-A3E0-CF17EE73B9C3}.Debug|Any CPU.Build.0 = Debug|Any CPU
		{70B86EE0-413B-4252-A3E0-CF17EE73B9C3}.Release|Any CPU.ActiveCfg = Release|Any CPU
		{70B86EE0-413B-4252-A3E0-CF17EE73B9C3}.Release|Any CPU.Build.0 = Release|Any CPU
	EndGlobalSection
	GlobalSection(SolutionProperties) = preSolution
		HideSolutionNode = FALSE
	EndGlobalSection
	GlobalSection(ExtensibilityGlobals) = postSolution
		SolutionGuid = {188C0DA1-446E-428F-9606-6CBF54CC9B70}
	EndGlobalSection
EndGlobal
