
Microsoft Visual Studio Solution File, Format Version 12.00
# Visual Studio Version 17
VisualStudioVersion = 17.6.33829.357
MinimumVisualStudioVersion = 10.0.40219.1
Project("{9A19103F-16F7-4668-BE54-9A1E7A4F7556}") = "Demo2", "Demo2\Demo2.csproj", "{70B86EE0-413B-4252-A3E0-CF17EE73B9C3}"
EndProject
Project("{2150E333-8FDC-42A3-9474-1A3956D46DE8}") = "Solution Items", "Solution Items", "{DB9FF5A6-563E-4B4C-9F95-7223C2A9FF64}"
	ProjectSection(SolutionItems) = preProject
		.gitignore = .gitignore
	EndProjectSection
EndProject
Global
	GlobalSection(SolutionConfigurationPlatforms) = preSolution
		Debug|Any CPU = Debug|Any CPU
		Release|Any CPU = Release|Any CPU
	EndGlobalSection
	GlobalSection(ProjectConfigurationPlatforms) = postSolution
		{70B86EE0-413B-4252-A3E0-CF17EE73B9C3}.Debug|Any CPU.ActiveCfg = Debug|Any CPU
		{70B86EE0-413B-4252-A3E0-CF17EE73B9C3}.Debug|Any CPU.Build.0 = Debug|Any CPU
		{70B86EE0-413B-4252-A3E0-CF17EE73B9C3}.Release|Any CPU.ActiveCfg = Release|Any CPU
		{70B86EE0-413B-4252-A3E0-CF17EE73B9C3}.Release|Any CPU.Build.0 = Release|Any CPU
	EndGlobalSection
	GlobalSection(SolutionProperties) = preSolution
		HideSolutionNode = FALSE
	EndGlobalSection
	GlobalSection(ExtensibilityGlobals) = postSolution
		SolutionGuid = {188C0DA1-446E-428F-9606-6CBF54CC9B70}
	EndGlobalSection
EndGlobal
